// !$*UTF8*$!
{
	archiveVersion = 1;
	classes = {
	};
	objectVersion = 56;
	objects = {

/* Begin PBXBuildFile section */
		AFA3636B2C3AF60F0086349A /* AppDelegate.swift in Sources */ = {isa = PBXBuildFile; fileRef = AFA3636A2C3AF60F0086349A /* AppDelegate.swift */; };
		AFA3636D2C3AF60F0086349A /* SceneDelegate.swift in Sources */ = {isa = PBXBuildFile; fileRef = AFA3636C2C3AF60F0086349A /* SceneDelegate.swift */; };
		AFA3636F2C3AF60F0086349A /* ViewController.swift in Sources */ = {isa = PBXBuildFile; fileRef = AFA3636E2C3AF60F0086349A /* ViewController.swift */; };
		AFA363722C3AF60F0086349A /* Base in Resources */ = {isa = PBXBuildFile; fileRef = AFA363712C3AF60F0086349A /* Base */; };
		AFA363742C3AF6110086349A /* Assets.xcassets in Resources */ = {isa = PBXBuildFile; fileRef = AFA363732C3AF6110086349A /* Assets.xcassets */; };
		AFA363772C3AF6110086349A /* Base in Resources */ = {isa = PBXBuildFile; fileRef = AFA363762C3AF6110086349A /* Base */; };
		AFA363822C3AF6120086349A /* LoggingiOSTests.swift in Sources */ = {isa = PBXBuildFile; fileRef = AFA363812C3AF6120086349A /* LoggingiOSTests.swift */; };
		AFA3638C2C3AF6120086349A /* LoggingiOSUITests.swift in Sources */ = {isa = PBXBuildFile; fileRef = AFA3638B2C3AF6120086349A /* LoggingiOSUITests.swift */; };
		AFA3638E2C3AF6120086349A /* LoggingiOSUITestsLaunchTests.swift in Sources */ = {isa = PBXBuildFile; fileRef = AFA3638D2C3AF6120086349A /* LoggingiOSUITestsLaunchTests.swift */; };
/* End PBXBuildFile section */

/* Begin PBXContainerItemProxy section */
		AFA3637E2C3AF6120086349A /* PBXContainerItemProxy */ = {
			isa = PBXContainerItemProxy;
			containerPortal = AFA3635F2C3AF60F0086349A /* Project object */;
			proxyType = 1;
			remoteGlobalIDString = AFA363662C3AF60F0086349A;
			remoteInfo = LoggingiOS;
		};
		AFA363882C3AF6120086349A /* PBXContainerItemProxy */ = {
			isa = PBXContainerItemProxy;
			containerPortal = AFA3635F2C3AF60F0086349A /* Project object */;
			proxyType = 1;
			remoteGlobalIDString = AFA363662C3AF60F0086349A;
			remoteInfo = LoggingiOS;
		};
/* End PBXContainerItemProxy section */

/* Begin PBXFileReference section */
		AFA363672C3AF60F0086349A /* LoggingiOS.app */ = {isa = PBXFileReference; explicitFileType = wrapper.application; includeInIndex = 0; path = LoggingiOS.app; sourceTree = BUILT_PRODUCTS_DIR; };
		AFA3636A2C3AF60F0086349A /* AppDelegate.swift */ = {isa = PBXFileReference; lastKnownFileType = sourcecode.swift; path = AppDelegate.swift; sourceTree = "<group>"; };
		AFA3636C2C3AF60F0086349A /* SceneDelegate.swift */ = {isa = PBXFileReference; lastKnownFileType = sourcecode.swift; path = SceneDelegate.swift; sourceTree = "<group>"; };
		AFA3636E2C3AF60F0086349A /* ViewController.swift */ = {isa = PBXFileReference; lastKnownFileType = sourcecode.swift; path = ViewController.swift; sourceTree = "<group>"; };
		AFA363712C3AF60F0086349A /* Base */ = {isa = PBXFileReference; lastKnownFileType = file.storyboard; name = Base; path = Base.lproj/Main.storyboard; sourceTree = "<group>"; };
		AFA363732C3AF6110086349A /* Assets.xcassets */ = {isa = PBXFileReference; lastKnownFileType = folder.assetcatalog; path = Assets.xcassets; sourceTree = "<group>"; };
		AFA363762C3AF6110086349A /* Base */ = {isa = PBXFileReference; lastKnownFileType = file.storyboard; name = Base; path = Base.lproj/LaunchScreen.storyboard; sourceTree = "<group>"; };
		AFA363782C3AF6110086349A /* Info.plist */ = {isa = PBXFileReference; lastKnownFileType = text.plist.xml; path = Info.plist; sourceTree = "<group>"; };
		AFA3637D2C3AF6120086349A /* LoggingiOSTests.xctest */ = {isa = PBXFileReference; explicitFileType = wrapper.cfbundle; includeInIndex = 0; path = LoggingiOSTests.xctest; sourceTree = BUILT_PRODUCTS_DIR; };
		AFA363812C3AF6120086349A /* LoggingiOSTests.swift */ = {isa = PBXFileReference; lastKnownFileType = sourcecode.swift; path = LoggingiOSTests.swift; sourceTree = "<group>"; };
		AFA363872C3AF6120086349A /* LoggingiOSUITests.xctest */ = {isa = PBXFileReference; explicitFileType = wrapper.cfbundle; includeInIndex = 0; path = LoggingiOSUITests.xctest; sourceTree = BUILT_PRODUCTS_DIR; };
		AFA3638B2C3AF6120086349A /* LoggingiOSUITests.swift */ = {isa = PBXFileReference; lastKnownFileType = sourcecode.swift; path = LoggingiOSUITests.swift; sourceTree = "<group>"; };
		AFA3638D2C3AF6120086349A /* LoggingiOSUITestsLaunchTests.swift */ = {isa = PBXFileReference; lastKnownFileType = sourcecode.swift; path = LoggingiOSUITestsLaunchTests.swift; sourceTree = "<group>"; };
/* End PBXFileReference section */

/* Begin PBXFrameworksBuildPhase section */
		AFA363642C3AF60F0086349A /* Frameworks */ = {
			isa = PBXFrameworksBuildPhase;
			buildActionMask = 2147483647;
			files = (
			);
			runOnlyForDeploymentPostprocessing = 0;
		};
		AFA3637A2C3AF6120086349A /* Frameworks */ = {
			isa = PBXFrameworksBuildPhase;
			buildActionMask = 2147483647;
			files = (
			);
			runOnlyForDeploymentPostprocessing = 0;
		};
		AFA363842C3AF6120086349A /* Frameworks */ = {
			isa = PBXFrameworksBuildPhase;
			buildActionMask = 2147483647;
			files = (
			);
			runOnlyForDeploymentPostprocessing = 0;
		};
/* End PBXFrameworksBuildPhase section */

/* Begin PBXGroup section */
		AFA3635E2C3AF60F0086349A = {
			isa = PBXGroup;
			children = (
				AFA363692C3AF60F0086349A /* LoggingiOS */,
				AFA363802C3AF6120086349A /* LoggingiOSTests */,
				AFA3638A2C3AF6120086349A /* LoggingiOSUITests */,
				AFA363682C3AF60F0086349A /* Products */,
			);
			sourceTree = "<group>";
		};
		AFA363682C3AF60F0086349A /* Products */ = {
			isa = PBXGroup;
			children = (
				AFA363672C3AF60F0086349A /* LoggingiOS.app */,
				AFA3637D2C3AF6120086349A /* LoggingiOSTests.xctest */,
				AFA363872C3AF6120086349A /* LoggingiOSUITests.xctest */,
			);
			name = Products;
			sourceTree = "<group>";
		};
		AFA363692C3AF60F0086349A /* LoggingiOS */ = {
			isa = PBXGroup;
			children = (
				AFA3636A2C3AF60F0086349A /* AppDelegate.swift */,
				AFA3636C2C3AF60F0086349A /* SceneDelegate.swift */,
				AFA3636E2C3AF60F0086349A /* ViewController.swift */,
				AFA363702C3AF60F0086349A /* Main.storyboard */,
				AFA363732C3AF6110086349A /* Assets.xcassets */,
				AFA363752C3AF6110086349A /* LaunchScreen.storyboard */,
				AFA363782C3AF6110086349A /* Info.plist */,
			);
			path = LoggingiOS;
			sourceTree = "<group>";
		};
		AFA363802C3AF6120086349A /* LoggingiOSTests */ = {
			isa = PBXGroup;
			children = (
				AFA363812C3AF6120086349A /* LoggingiOSTests.swift */,
			);
			path = LoggingiOSTests;
			sourceTree = "<group>";
		};
		AFA3638A2C3AF6120086349A /* LoggingiOSUITests */ = {
			isa = PBXGroup;
			children = (
				AFA3638B2C3AF6120086349A /* LoggingiOSUITests.swift */,
				AFA3638D2C3AF6120086349A /* LoggingiOSUITestsLaunchTests.swift */,
			);
			path = LoggingiOSUITests;
			sourceTree = "<group>";
		};
/* End PBXGroup section */

/* Begin PBXNativeTarget section */
		AFA363662C3AF60F0086349A /* LoggingiOS */ = {
			isa = PBXNativeTarget;
			buildConfigurationList = AFA363912C3AF6120086349A /* Build configuration list for PBXNativeTarget "LoggingiOS" */;
			buildPhases = (
				AFA363632C3AF60F0086349A /* Sources */,
				AFA363642C3AF60F0086349A /* Frameworks */,
				AFA363652C3AF60F0086349A /* Resources */,
			);
			buildRules = (
			);
			dependencies = (
			);
			name = LoggingiOS;
			productName = LoggingiOS;
			productReference = AFA363672C3AF60F0086349A /* LoggingiOS.app */;
			productType = "com.apple.product-type.application";
		};
		AFA3637C2C3AF6120086349A /* LoggingiOSTests */ = {
			isa = PBXNativeTarget;
			buildConfigurationList = AFA363942C3AF6120086349A /* Build configuration list for PBXNativeTarget "LoggingiOSTests" */;
			buildPhases = (
				AFA363792C3AF6120086349A /* Sources */,
				AFA3637A2C3AF6120086349A /* Frameworks */,
				AFA3637B2C3AF6120086349A /* Resources */,
			);
			buildRules = (
			);
			dependencies = (
				AFA3637F2C3AF6120086349A /* PBXTargetDependency */,
			);
			name = LoggingiOSTests;
			productName = LoggingiOSTests;
			productReference = AFA3637D2C3AF6120086349A /* LoggingiOSTests.xctest */;
			productType = "com.apple.product-type.bundle.unit-test";
		};
		AFA363862C3AF6120086349A /* LoggingiOSUITests */ = {
			isa = PBXNativeTarget;
			buildConfigurationList = AFA363972C3AF6120086349A /* Build configuration list for PBXNativeTarget "LoggingiOSUITests" */;
			buildPhases = (
				AFA363832C3AF6120086349A /* Sources */,
				AFA363842C3AF6120086349A /* Frameworks */,
				AFA363852C3AF6120086349A /* Resources */,
			);
			buildRules = (
			);
			dependencies = (
				AFA363892C3AF6120086349A /* PBXTargetDependency */,
			);
			name = LoggingiOSUITests;
			productName = LoggingiOSUITests;
			productReference = AFA363872C3AF6120086349A /* LoggingiOSUITests.xctest */;
			productType = "com.apple.product-type.bundle.ui-testing";
		};
/* End PBXNativeTarget section */

/* Begin PBXProject section */
		AFA3635F2C3AF60F0086349A /* Project object */ = {
			isa = PBXProject;
			attributes = {
				BuildIndependentTargetsInParallel = 1;
				LastSwiftUpdateCheck = 1540;
				LastUpgradeCheck = 1540;
				TargetAttributes = {
					AFA363662C3AF60F0086349A = {
						CreatedOnToolsVersion = 15.4;
					};
					AFA3637C2C3AF6120086349A = {
						CreatedOnToolsVersion = 15.4;
						TestTargetID = AFA363662C3AF60F0086349A;
					};
					AFA363862C3AF6120086349A = {
						CreatedOnToolsVersion = 15.4;
						TestTargetID = AFA363662C3AF60F0086349A;
					};
				};
			};
			buildConfigurationList = AFA363622C3AF60F0086349A /* Build configuration list for PBXProject "LoggingiOS" */;
			compatibilityVersion = "Xcode 14.0";
			developmentRegion = en;
			hasScannedForEncodings = 0;
			knownRegions = (
				en,
				Base,
			);
			mainGroup = AFA3635E2C3AF60F0086349A;
			productRefGroup = AFA363682C3AF60F0086349A /* Products */;
			projectDirPath = "";
			projectRoot = "";
			targets = (
				AFA363662C3AF60F0086349A /* LoggingiOS */,
				AFA3637C2C3AF6120086349A /* LoggingiOSTests */,
				AFA363862C3AF6120086349A /* LoggingiOSUITests */,
			);
		};
/* End PBXProject section */

/* Begin PBXResourcesBuildPhase section */
		AFA363652C3AF60F0086349A /* Resources */ = {
			isa = PBXResourcesBuildPhase;
			buildActionMask = 2147483647;
			files = (
				AFA363742C3AF6110086349A /* Assets.xcassets in Resources */,
				AFA363772C3AF6110086349A /* Base in Resources */,
				AFA363722C3AF60F0086349A /* Base in Resources */,
			);
			runOnlyForDeploymentPostprocessing = 0;
		};
		AFA3637B2C3AF6120086349A /* Resources */ = {
			isa = PBXResourcesBuildPhase;
			buildActionMask = 2147483647;
			files = (
			);
			runOnlyForDeploymentPostprocessing = 0;
		};
		AFA363852C3AF6120086349A /* Resources */ = {
			isa = PBXResourcesBuildPhase;
			buildActionMask = 2147483647;
			files = (
			);
			runOnlyForDeploymentPostprocessing = 0;
		};
/* End PBXResourcesBuildPhase section */

/* Begin PBXSourcesBuildPhase section */
		AFA363632C3AF60F0086349A /* Sources */ = {
			isa = PBXSourcesBuildPhase;
			buildActionMask = 2147483647;
			files = (
				AFA3636F2C3AF60F0086349A /* ViewController.swift in Sources */,
				AFA3636B2C3AF60F0086349A /* AppDelegate.swift in Sources */,
				AFA3636D2C3AF60F0086349A /* SceneDelegate.swift in Sources */,
			);
			runOnlyForDeploymentPostprocessing = 0;
		};
		AFA363792C3AF6120086349A /* Sources */ = {
			isa = PBXSourcesBuildPhase;
			buildActionMask = 2147483647;
			files = (
				AFA363822C3AF6120086349A /* LoggingiOSTests.swift in Sources */,
			);
			runOnlyForDeploymentPostprocessing = 0;
		};
		AFA363832C3AF6120086349A /* Sources */ = {
			isa = PBXSourcesBuildPhase;
			buildActionMask = 2147483647;
			files = (
				AFA3638E2C3AF6120086349A /* LoggingiOSUITestsLaunchTests.swift in Sources */,
				AFA3638C2C3AF6120086349A /* LoggingiOSUITests.swift in Sources */,
			);
			runOnlyForDeploymentPostprocessing = 0;
		};
/* End PBXSourcesBuildPhase section */

/* Begin PBXTargetDependency section */
		AFA3637F2C3AF6120086349A /* PBXTargetDependency */ = {
			isa = PBXTargetDependency;
			target = AFA363662C3AF60F0086349A /* LoggingiOS */;
			targetProxy = AFA3637E2C3AF6120086349A /* PBXContainerItemProxy */;
		};
		AFA363892C3AF6120086349A /* PBXTargetDependency */ = {
			isa = PBXTargetDependency;
			target = AFA363662C3AF60F0086349A /* LoggingiOS */;
			targetProxy = AFA363882C3AF6120086349A /* PBXContainerItemProxy */;
		};
/* End PBXTargetDependency section */

/* Begin PBXVariantGroup section */
		AFA363702C3AF60F0086349A /* Main.storyboard */ = {
			isa = PBXVariantGroup;
			children = (
				AFA363712C3AF60F0086349A /* Base */,
			);
			name = Main.storyboard;
			sourceTree = "<group>";
		};
		AFA363752C3AF6110086349A /* LaunchScreen.storyboard */ = {
			isa = PBXVariantGroup;
			children = (
				AFA363762C3AF6110086349A /* Base */,
			);
			name = LaunchScreen.storyboard;
			sourceTree = "<group>";
		};
/* End PBXVariantGroup section */

/* Begin XCBuildConfiguration section */
		AFA3638F2C3AF6120086349A /* Debug */ = {
			isa = XCBuildConfiguration;
			buildSettings = {
				ALWAYS_SEARCH_USER_PATHS = NO;
				ASSETCATALOG_COMPILER_GENERATE_SWIFT_ASSET_SYMBOL_EXTENSIONS = YES;
				CLANG_ANALYZER_NONNULL = YES;
				CLANG_ANALYZER_NUMBER_OBJECT_CONVERSION = YES_AGGRESSIVE;
				CLANG_CXX_LANGUAGE_STANDARD = "gnu++20";
				CLANG_ENABLE_MODULES = YES;
				CLANG_ENABLE_OBJC_ARC = YES;
				CLANG_ENABLE_OBJC_WEAK = YES;
				CLANG_WARN_BLOCK_CAPTURE_AUTORELEASING = YES;
				CLANG_WARN_BOOL_CONVERSION = YES;
				CLANG_WARN_COMMA = YES;
				CLANG_WARN_CONSTANT_CONVERSION = YES;
				CLANG_WARN_DEPRECATED_OBJC_IMPLEMENTATIONS = YES;
				CLANG_WARN_DIRECT_OBJC_ISA_USAGE = YES_ERROR;
				CLANG_WARN_DOCUMENTATION_COMMENTS = YES;
				CLANG_WARN_EMPTY_BODY = YES;
				CLANG_WARN_ENUM_CONVERSION = YES;
				CLANG_WARN_INFINITE_RECURSION = YES;
				CLANG_WARN_INT_CONVERSION = YES;
				CLANG_WARN_NON_LITERAL_NULL_CONVERSION = YES;
				CLANG_WARN_OBJC_IMPLICIT_RETAIN_SELF = YES;
				CLANG_WARN_OBJC_LITERAL_CONVERSION = YES;
				CLANG_WARN_OBJC_ROOT_CLASS = YES_ERROR;
				CLANG_WARN_QUOTED_INCLUDE_IN_FRAMEWORK_HEADER = YES;
				CLANG_WARN_RANGE_LOOP_ANALYSIS = YES;
				CLANG_WARN_STRICT_PROTOTYPES = YES;
				CLANG_WARN_SUSPICIOUS_MOVE = YES;
				CLANG_WARN_UNGUARDED_AVAILABILITY = YES_AGGRESSIVE;
				CLANG_WARN_UNREACHABLE_CODE = YES;
				CLANG_WARN__DUPLICATE_METHOD_MATCH = YES;
				COPY_PHASE_STRIP = NO;
				DEBUG_INFORMATION_FORMAT = dwarf;
				ENABLE_STRICT_OBJC_MSGSEND = YES;
				ENABLE_TESTABILITY = YES;
				ENABLE_USER_SCRIPT_SANDBOXING = YES;
				GCC_C_LANGUAGE_STANDARD = gnu17;
				GCC_DYNAMIC_NO_PIC = NO;
				GCC_NO_COMMON_BLOCKS = YES;
				GCC_OPTIMIZATION_LEVEL = 0;
				GCC_PREPROCESSOR_DEFINITIONS = (
					"DEBUG=1",
					"$(inherited)",
				);
				GCC_WARN_64_TO_32_BIT_CONVERSION = YES;
				GCC_WARN_ABOUT_RETURN_TYPE = YES_ERROR;
				GCC_WARN_UNDECLARED_SELECTOR = YES;
				GCC_WARN_UNINITIALIZED_AUTOS = YES_AGGRESSIVE;
				GCC_WARN_UNUSED_FUNCTION = YES;
				GCC_WARN_UNUSED_VARIABLE = YES;
				IPHONEOS_DEPLOYMENT_TARGET = 17.5;
				LOCALIZATION_PREFERS_STRING_CATALOGS = YES;
				MTL_ENABLE_DEBUG_INFO = INCLUDE_SOURCE;
				MTL_FAST_MATH = YES;
				ONLY_ACTIVE_ARCH = YES;
				SDKROOT = iphoneos;
				SWIFT_ACTIVE_COMPILATION_CONDITIONS = "DEBUG $(inherited)";
				SWIFT_OPTIMIZATION_LEVEL = "-Onone";
			};
			name = Debug;
		};
		AFA363902C3AF6120086349A /* Release */ = {
			isa = XCBuildConfiguration;
			buildSettings = {
				ALWAYS_SEARCH_USER_PATHS = NO;
				ASSETCATALOG_COMPILER_GENERATE_SWIFT_ASSET_SYMBOL_EXTENSIONS = YES;
				CLANG_ANALYZER_NONNULL = YES;
				CLANG_ANALYZER_NUMBER_OBJECT_CONVERSION = YES_AGGRESSIVE;
				CLANG_CXX_LANGUAGE_STANDARD = "gnu++20";
				CLANG_ENABLE_MODULES = YES;
				CLANG_ENABLE_OBJC_ARC = YES;
				CLANG_ENABLE_OBJC_WEAK = YES;
				CLANG_WARN_BLOCK_CAPTURE_AUTORELEASING = YES;
				CLANG_WARN_BOOL_CONVERSION = YES;
				CLANG_WARN_COMMA = YES;
				CLANG_WARN_CONSTANT_CONVERSION = YES;
				CLANG_WARN_DEPRECATED_OBJC_IMPLEMENTATIONS = YES;
				CLANG_WARN_DIRECT_OBJC_ISA_USAGE = YES_ERROR;
				CLANG_WARN_DOCUMENTATION_COMMENTS = YES;
				CLANG_WARN_EMPTY_BODY = YES;
				CLANG_WARN_ENUM_CONVERSION = YES;
				CLANG_WARN_INFINITE_RECURSION = YES;
				CLANG_WARN_INT_CONVERSION = YES;
				CLANG_WARN_NON_LITERAL_NULL_CONVERSION = YES;
				CLANG_WARN_OBJC_IMPLICIT_RETAIN_SELF = YES;
				CLANG_WARN_OBJC_LITERAL_CONVERSION = YES;
				CLANG_WARN_OBJC_ROOT_CLASS = YES_ERROR;
				CLANG_WARN_QUOTED_INCLUDE_IN_FRAMEWORK_HEADER = YES;
				CLANG_WARN_RANGE_LOOP_ANALYSIS = YES;
				CLANG_WARN_STRICT_PROTOTYPES = YES;
				CLANG_WARN_SUSPICIOUS_MOVE = YES;
				CLANG_WARN_UNGUARDED_AVAILABILITY = YES_AGGRESSIVE;
				CLANG_WARN_UNREACHABLE_CODE = YES;
				CLANG_WARN__DUPLICATE_METHOD_MATCH = YES;
				COPY_PHASE_STRIP = NO;
				DEBUG_INFORMATION_FORMAT = "dwarf-with-dsym";
				ENABLE_NS_ASSERTIONS = NO;
				ENABLE_STRICT_OBJC_MSGSEND = YES;
				ENABLE_USER_SCRIPT_SANDBOXING = YES;
				GCC_C_LANGUAGE_STANDARD = gnu17;
				GCC_NO_COMMON_BLOCKS = YES;
				GCC_WARN_64_TO_32_BIT_CONVERSION = YES;
				GCC_WARN_ABOUT_RETURN_TYPE = YES_ERROR;
				GCC_WARN_UNDECLARED_SELECTOR = YES;
				GCC_WARN_UNINITIALIZED_AUTOS = YES_AGGRESSIVE;
				GCC_WARN_UNUSED_FUNCTION = YES;
				GCC_WARN_UNUSED_VARIABLE = YES;
				IPHONEOS_DEPLOYMENT_TARGET = 17.5;
				LOCALIZATION_PREFERS_STRING_CATALOGS = YES;
				MTL_ENABLE_DEBUG_INFO = NO;
				MTL_FAST_MATH = YES;
				SDKROOT = iphoneos;
				SWIFT_COMPILATION_MODE = wholemodule;
				VALIDATE_PRODUCT = YES;
			};
			name = Release;
		};
		AFA363922C3AF6120086349A /* Debug */ = {
			isa = XCBuildConfiguration;
			buildSettings = {
				ASSETCATALOG_COMPILER_APPICON_NAME = AppIcon;
				ASSETCATALOG_COMPILER_GLOBAL_ACCENT_COLOR_NAME = AccentColor;
				CODE_SIGN_STYLE = Automatic;
				CURRENT_PROJECT_VERSION = 1;
				DEVELOPMENT_TEAM = TXA24D69H2;
				GENERATE_INFOPLIST_FILE = YES;
				INFOPLIST_FILE = LoggingiOS/Info.plist;
				INFOPLIST_KEY_UIApplicationSupportsIndirectInputEvents = YES;
				INFOPLIST_KEY_UILaunchStoryboardName = LaunchScreen;
				INFOPLIST_KEY_UIMainStoryboardFile = Main;
				INFOPLIST_KEY_UISupportedInterfaceOrientations_iPad = "UIInterfaceOrientationPortrait UIInterfaceOrientationPortraitUpsideDown UIInterfaceOrientationLandscapeLeft UIInterfaceOrientationLandscapeRight";
				INFOPLIST_KEY_UISupportedInterfaceOrientations_iPhone = "UIInterfaceOrientationPortrait UIInterfaceOrientationLandscapeLeft UIInterfaceOrientationLandscapeRight";
				LD_RUNPATH_SEARCH_PATHS = (
					"$(inherited)",
					"@executable_path/Frameworks",
				);
				MARKETING_VERSION = 1.0;
				PRODUCT_BUNDLE_IDENTIFIER = com.example.LoggingiOS;
				PRODUCT_NAME = "$(TARGET_NAME)";
				SWIFT_EMIT_LOC_STRINGS = YES;
				SWIFT_VERSION = 5.0;
				TARGETED_DEVICE_FAMILY = "1,2";
			};
			name = Debug;
		};
		AFA363932C3AF6120086349A /* Release */ = {
			isa = XCBuildConfiguration;
			buildSettings = {
				ASSETCATALOG_COMPILER_APPICON_NAME = AppIcon;
				ASSETCATALOG_COMPILER_GLOBAL_ACCENT_COLOR_NAME = AccentColor;
				CODE_SIGN_STYLE = Automatic;
				CURRENT_PROJECT_VERSION = 1;
				DEVELOPMENT_TEAM = TXA24D69H2;
				GENERATE_INFOPLIST_FILE = YES;
				INFOPLIST_FILE = LoggingiOS/Info.plist;
				INFOPLIST_KEY_UIApplicationSupportsIndirectInputEvents = YES;
				INFOPLIST_KEY_UILaunchStoryboardName = LaunchScreen;
				INFOPLIST_KEY_UIMainStoryboardFile = Main;
				INFOPLIST_KEY_UISupportedInterfaceOrientations_iPad = "UIInterfaceOrientationPortrait UIInterfaceOrientationPortraitUpsideDown UIInterfaceOrientationLandscapeLeft UIInterfaceOrientationLandscapeRight";
				INFOPLIST_KEY_UISupportedInterfaceOrientations_iPhone = "UIInterfaceOrientationPortrait UIInterfaceOrientationLandscapeLeft UIInterfaceOrientationLandscapeRight";
				LD_RUNPATH_SEARCH_PATHS = (
					"$(inherited)",
					"@executable_path/Frameworks",
				);
				MARKETING_VERSION = 1.0;
				PRODUCT_BUNDLE_IDENTIFIER = com.example.LoggingiOS;
				PRODUCT_NAME = "$(TARGET_NAME)";
				SWIFT_EMIT_LOC_STRINGS = YES;
				SWIFT_VERSION = 5.0;
				TARGETED_DEVICE_FAMILY = "1,2";
			};
			name = Release;
		};
		AFA363952C3AF6120086349A /* Debug */ = {
			isa = XCBuildConfiguration;
			buildSettings = {
				ALWAYS_EMBED_SWIFT_STANDARD_LIBRARIES = YES;
				BUNDLE_LOADER = "$(TEST_HOST)";
				CODE_SIGN_STYLE = Automatic;
				CURRENT_PROJECT_VERSION = 1;
				DEVELOPMENT_TEAM = TXA24D69H2;
				GENERATE_INFOPLIST_FILE = YES;
				IPHONEOS_DEPLOYMENT_TARGET = 17.5;
				MARKETING_VERSION = 1.0;
				PRODUCT_BUNDLE_IDENTIFIER = com.example.LoggingiOSTests;
				PRODUCT_NAME = "$(TARGET_NAME)";
				SWIFT_EMIT_LOC_STRINGS = NO;
				SWIFT_VERSION = 5.0;
				TARGETED_DEVICE_FAMILY = "1,2";
				TEST_HOST = "$(BUILT_PRODUCTS_DIR)/LoggingiOS.app/$(BUNDLE_EXECUTABLE_FOLDER_PATH)/LoggingiOS";
			};
			name = Debug;
		};
		AFA363962C3AF6120086349A /* Release */ = {
			isa = XCBuildConfiguration;
			buildSettings = {
				ALWAYS_EMBED_SWIFT_STANDARD_LIBRARIES = YES;
				BUNDLE_LOADER = "$(TEST_HOST)";
				CODE_SIGN_STYLE = Automatic;
				CURRENT_PROJECT_VERSION = 1;
				DEVELOPMENT_TEAM = TXA24D69H2;
				GENERATE_INFOPLIST_FILE = YES;
				IPHONEOS_DEPLOYMENT_TARGET = 17.5;
				MARKETING_VERSION = 1.0;
				PRODUCT_BUNDLE_IDENTIFIER = com.example.LoggingiOSTests;
				PRODUCT_NAME = "$(TARGET_NAME)";
				SWIFT_EMIT_LOC_STRINGS = NO;
				SWIFT_VERSION = 5.0;
				TARGETED_DEVICE_FAMILY = "1,2";
				TEST_HOST = "$(BUILT_PRODUCTS_DIR)/LoggingiOS.app/$(BUNDLE_EXECUTABLE_FOLDER_PATH)/LoggingiOS";
			};
			name = Release;
		};
		AFA363982C3AF6120086349A /* Debug */ = {
			isa = XCBuildConfiguration;
			buildSettings = {
				ALWAYS_EMBED_SWIFT_STANDARD_LIBRARIES = YES;
				CODE_SIGN_STYLE = Automatic;
				CURRENT_PROJECT_VERSION = 1;
				DEVELOPMENT_TEAM = TXA24D69H2;
				GENERATE_INFOPLIST_FILE = YES;
				MARKETING_VERSION = 1.0;
				PRODUCT_BUNDLE_IDENTIFIER = com.example.LoggingiOSUITests;
				PRODUCT_NAME = "$(TARGET_NAME)";
				SWIFT_EMIT_LOC_STRINGS = NO;
				SWIFT_VERSION = 5.0;
				TARGETED_DEVICE_FAMILY = "1,2";
				TEST_TARGET_NAME = LoggingiOS;
			};
			name = Debug;
		};
		AFA363992C3AF6120086349A /* Release */ = {
			isa = XCBuildConfiguration;
			buildSettings = {
				ALWAYS_EMBED_SWIFT_STANDARD_LIBRARIES = YES;
				CODE_SIGN_STYLE = Automatic;
				CURRENT_PROJECT_VERSION = 1;
				DEVELOPMENT_TEAM = TXA24D69H2;
				GENERATE_INFOPLIST_FILE = YES;
				MARKETING_VERSION = 1.0;
				PRODUCT_BUNDLE_IDENTIFIER = com.example.LoggingiOSUITests;
				PRODUCT_NAME = "$(TARGET_NAME)";
				SWIFT_EMIT_LOC_STRINGS = NO;
				SWIFT_VERSION = 5.0;
				TARGETED_DEVICE_FAMILY = "1,2";
				TEST_TARGET_NAME = LoggingiOS;
			};
			name = Release;
		};
/* End XCBuildConfiguration section */

/* Begin XCConfigurationList section */
		AFA363622C3AF60F0086349A /* Build configuration list for PBXProject "LoggingiOS" */ = {
			isa = XCConfigurationList;
			buildConfigurations = (
				AFA3638F2C3AF6120086349A /* Debug */,
				AFA363902C3AF6120086349A /* Release */,
			);
			defaultConfigurationIsVisible = 0;
			defaultConfigurationName = Release;
		};
		AFA363912C3AF6120086349A /* Build configuration list for PBXNativeTarget "LoggingiOS" */ = {
			isa = XCConfigurationList;
			buildConfigurations = (
				AFA363922C3AF6120086349A /* Debug */,
				AFA363932C3AF6120086349A /* Release */,
			);
			defaultConfigurationIsVisible = 0;
			defaultConfigurationName = Release;
		};
		AFA363942C3AF6120086349A /* Build configuration list for PBXNativeTarget "LoggingiOSTests" */ = {
			isa = XCConfigurationList;
			buildConfigurations = (
				AFA363952C3AF6120086349A /* Debug */,
				AFA363962C3AF6120086349A /* Release */,
			);
			defaultConfigurationIsVisible = 0;
			defaultConfigurationName = Release;
		};
		AFA363972C3AF6120086349A /* Build configuration list for PBXNativeTarget "LoggingiOSUITests" */ = {
			isa = XCConfigurationList;
			buildConfigurations = (
				AFA363982C3AF6120086349A /* Debug */,
				AFA363992C3AF6120086349A /* Release */,
			);
			defaultConfigurationIsVisible = 0;
			defaultConfigurationName = Release;
		};
/* End XCConfigurationList section */
	};
	rootObject = AFA3635F2C3AF60F0086349A /* Project object */;
}
